// !$*UTF8*$!
{
	archiveVersion = 1;
	classes = {
	};
	objectVersion = 46;
	objects = {

/* Begin PBXBuildFile section */
		20FC15D518A7B9C900DD54B7 /* Foundation.framework in Frameworks */ = {isa = PBXBuildFile; fileRef = 20FC15D418A7B9C900DD54B7 /* Foundation.framework */; };
		20FC15D718A7B9C900DD54B7 /* CoreGraphics.framework in Frameworks */ = {isa = PBXBuildFile; fileRef = 20FC15D618A7B9C900DD54B7 /* CoreGraphics.framework */; };
		20FC15D918A7B9C900DD54B7 /* UIKit.framework in Frameworks */ = {isa = PBXBuildFile; fileRef = 20FC15D818A7B9C900DD54B7 /* UIKit.framework */; };
		20FC15DF18A7B9C900DD54B7 /* InfoPlist.strings in Resources */ = {isa = PBXBuildFile; fileRef = 20FC15DD18A7B9C900DD54B7 /* InfoPlist.strings */; };
		20FC15E118A7B9C900DD54B7 /* main.m in Sources */ = {isa = PBXBuildFile; fileRef = 20FC15E018A7B9C900DD54B7 /* main.m */; };
		20FC15E518A7B9C900DD54B7 /* TYMAppDelegate.m in Sources */ = {isa = PBXBuildFile; fileRef = 20FC15E418A7B9C900DD54B7 /* TYMAppDelegate.m */; };
		20FC15E718A7B9C900DD54B7 /* Images.xcassets in Resources */ = {isa = PBXBuildFile; fileRef = 20FC15E618A7B9C900DD54B7 /* Images.xcassets */; };
		20FC161118A7D08700DD54B7 /* TYMDemoViewController.m in Sources */ = {isa = PBXBuildFile; fileRef = 20FC161018A7D08700DD54B7 /* TYMDemoViewController.m */; };
		98B7F4D9C95010C6D8063115 /* libPods-Example.a in Frameworks */ = {isa = PBXBuildFile; fileRef = 2DED76A96C30ED621DFE206D /* libPods-Example.a */; };
/* End PBXBuildFile section */

/* Begin PBXFileReference section */
		20FC15D118A7B9C900DD54B7 /* TYMActivityIndicatorView.app */ = {isa = PBXFileReference; explicitFileType = wrapper.application; includeInIndex = 0; path = TYMActivityIndicatorView.app; sourceTree = BUILT_PRODUCTS_DIR; };
		20FC15D418A7B9C900DD54B7 /* Foundation.framework */ = {isa = PBXFileReference; lastKnownFileType = wrapper.framework; name = Foundation.framework; path = System/Library/Frameworks/Foundation.framework; sourceTree = SDKROOT; };
		20FC15D618A7B9C900DD54B7 /* CoreGraphics.framework */ = {isa = PBXFileReference; lastKnownFileType = wrapper.framework; name = CoreGraphics.framework; path = System/Library/Frameworks/CoreGraphics.framework; sourceTree = SDKROOT; };
		20FC15D818A7B9C900DD54B7 /* UIKit.framework */ = {isa = PBXFileReference; lastKnownFileType = wrapper.framework; name = UIKit.framework; path = System/Library/Frameworks/UIKit.framework; sourceTree = SDKROOT; };
		20FC15DC18A7B9C900DD54B7 /* TYMActivityIndicatorView-Info.plist */ = {isa = PBXFileReference; lastKnownFileType = text.plist.xml; path = "TYMActivityIndicatorView-Info.plist"; sourceTree = "<group>"; };
		20FC15DE18A7B9C900DD54B7 /* en */ = {isa = PBXFileReference; lastKnownFileType = text.plist.strings; name = en; path = en.lproj/InfoPlist.strings; sourceTree = "<group>"; };
		20FC15E018A7B9C900DD54B7 /* main.m */ = {isa = PBXFileReference; lastKnownFileType = sourcecode.c.objc; path = main.m; sourceTree = "<group>"; };
		20FC15E218A7B9C900DD54B7 /* TYMActivityIndicatorView-Prefix.pch */ = {isa = PBXFileReference; lastKnownFileType = sourcecode.c.h; path = "TYMActivityIndicatorView-Prefix.pch"; sourceTree = "<group>"; };
		20FC15E318A7B9C900DD54B7 /* TYMAppDelegate.h */ = {isa = PBXFileReference; lastKnownFileType = sourcecode.c.h; path = TYMAppDelegate.h; sourceTree = "<group>"; };
		20FC15E418A7B9C900DD54B7 /* TYMAppDelegate.m */ = {isa = PBXFileReference; lastKnownFileType = sourcecode.c.objc; path = TYMAppDelegate.m; sourceTree = "<group>"; };
		20FC15E618A7B9C900DD54B7 /* Images.xcassets */ = {isa = PBXFileReference; lastKnownFileType = folder.assetcatalog; path = Images.xcassets; sourceTree = "<group>"; };
		20FC15ED18A7B9C900DD54B7 /* XCTest.framework */ = {isa = PBXFileReference; lastKnownFileType = wrapper.framework; name = XCTest.framework; path = Library/Frameworks/XCTest.framework; sourceTree = DEVELOPER_DIR; };
		20FC160F18A7D08700DD54B7 /* TYMDemoViewController.h */ = {isa = PBXFileReference; fileEncoding = 4; lastKnownFileType = sourcecode.c.h; path = TYMDemoViewController.h; sourceTree = "<group>"; };
		20FC161018A7D08700DD54B7 /* TYMDemoViewController.m */ = {isa = PBXFileReference; fileEncoding = 4; lastKnownFileType = sourcecode.c.objc; path = TYMDemoViewController.m; sourceTree = "<group>"; };
		2DED76A96C30ED621DFE206D /* libPods-Example.a */ = {isa = PBXFileReference; explicitFileType = archive.ar; includeInIndex = 0; path = "libPods-Example.a"; sourceTree = BUILT_PRODUCTS_DIR; };
		3C3C4022A0A8EF695D4834D8 /* Pods-Example.debug.xcconfig */ = {isa = PBXFileReference; includeInIndex = 1; lastKnownFileType = text.xcconfig; name = "Pods-Example.debug.xcconfig"; path = "Pods/Target Support Files/Pods-Example/Pods-Example.debug.xcconfig"; sourceTree = "<group>"; };
		8EE4794B6699FACB0C9ABC79 /* Pods-Example.release.xcconfig */ = {isa = PBXFileReference; includeInIndex = 1; lastKnownFileType = text.xcconfig; name = "Pods-Example.release.xcconfig"; path = "Pods/Target Support Files/Pods-Example/Pods-Example.release.xcconfig"; sourceTree = "<group>"; };
/* End PBXFileReference section */

/* Begin PBXFrameworksBuildPhase section */
		20FC15CE18A7B9C900DD54B7 /* Frameworks */ = {
			isa = PBXFrameworksBuildPhase;
			buildActionMask = 2147483647;
			files = (
				20FC15D718A7B9C900DD54B7 /* CoreGraphics.framework in Frameworks */,
				20FC15D918A7B9C900DD54B7 /* UIKit.framework in Frameworks */,
				20FC15D518A7B9C900DD54B7 /* Foundation.framework in Frameworks */,
				98B7F4D9C95010C6D8063115 /* libPods-Example.a in Frameworks */,
			);
			runOnlyForDeploymentPostprocessing = 0;
		};
/* End PBXFrameworksBuildPhase section */

/* Begin PBXGroup section */
		20FC15C818A7B9C900DD54B7 = {
			isa = PBXGroup;
			children = (
				20FC160518A7BC3B00DD54B7 /* Classes */,
				20FC160418A7BB7100DD54B7 /* Resources */,
				20FC160618A7BC5B00DD54B7 /* Other Sources */,
				20FC15D318A7B9C900DD54B7 /* Frameworks */,
				20FC15D218A7B9C900DD54B7 /* Products */,
				76F86E823F78F62F8DA0DA2E /* Pods */,
			);
			sourceTree = "<group>";
		};
		20FC15D218A7B9C900DD54B7 /* Products */ = {
			isa = PBXGroup;
			children = (
				20FC15D118A7B9C900DD54B7 /* TYMActivityIndicatorView.app */,
			);
			name = Products;
			sourceTree = "<group>";
		};
		20FC15D318A7B9C900DD54B7 /* Frameworks */ = {
			isa = PBXGroup;
			children = (
				20FC15D418A7B9C900DD54B7 /* Foundation.framework */,
				20FC15D618A7B9C900DD54B7 /* CoreGraphics.framework */,
				20FC15D818A7B9C900DD54B7 /* UIKit.framework */,
				20FC15ED18A7B9C900DD54B7 /* XCTest.framework */,
				2DED76A96C30ED621DFE206D /* libPods-Example.a */,
			);
			name = Frameworks;
			sourceTree = "<group>";
		};
		20FC160418A7BB7100DD54B7 /* Resources */ = {
			isa = PBXGroup;
			children = (
				20FC15E618A7B9C900DD54B7 /* Images.xcassets */,
				20FC15DC18A7B9C900DD54B7 /* TYMActivityIndicatorView-Info.plist */,
				20FC15DD18A7B9C900DD54B7 /* InfoPlist.strings */,
			);
			path = Resources;
			sourceTree = "<group>";
		};
		20FC160518A7BC3B00DD54B7 /* Classes */ = {
			isa = PBXGroup;
			children = (
				20FC15E318A7B9C900DD54B7 /* TYMAppDelegate.h */,
				20FC15E418A7B9C900DD54B7 /* TYMAppDelegate.m */,
				20FC160F18A7D08700DD54B7 /* TYMDemoViewController.h */,
				20FC161018A7D08700DD54B7 /* TYMDemoViewController.m */,
			);
			path = Classes;
			sourceTree = "<group>";
		};
		20FC160618A7BC5B00DD54B7 /* Other Sources */ = {
			isa = PBXGroup;
			children = (
				20FC15E018A7B9C900DD54B7 /* main.m */,
				20FC15E218A7B9C900DD54B7 /* TYMActivityIndicatorView-Prefix.pch */,
			);
			path = "Other Sources";
			sourceTree = "<group>";
		};
		76F86E823F78F62F8DA0DA2E /* Pods */ = {
			isa = PBXGroup;
			children = (
				3C3C4022A0A8EF695D4834D8 /* Pods-Example.debug.xcconfig */,
				8EE4794B6699FACB0C9ABC79 /* Pods-Example.release.xcconfig */,
			);
			name = Pods;
			sourceTree = "<group>";
		};
/* End PBXGroup section */

/* Begin PBXNativeTarget section */
		20FC15D018A7B9C900DD54B7 /* Example */ = {
			isa = PBXNativeTarget;
			buildConfigurationList = 20FC15FD18A7B9C900DD54B7 /* Build configuration list for PBXNativeTarget "Example" */;
			buildPhases = (
				BAA9412DD5CA6F3C7533226A /* Check Pods Manifest.lock */,
				20FC15CD18A7B9C900DD54B7 /* Sources */,
				20FC15CE18A7B9C900DD54B7 /* Frameworks */,
				20FC15CF18A7B9C900DD54B7 /* Resources */,
				1A81FCBBA878D46D2428AAF9 /* Copy Pods Resources */,
			);
			buildRules = (
			);
			dependencies = (
			);
			name = Example;
			productName = Example;
			productReference = 20FC15D118A7B9C900DD54B7 /* TYMActivityIndicatorView.app */;
			productType = "com.apple.product-type.application";
		};
/* End PBXNativeTarget section */

/* Begin PBXProject section */
		20FC15C918A7B9C900DD54B7 /* Project object */ = {
			isa = PBXProject;
			attributes = {
				CLASSPREFIX = TYM;
				LastUpgradeCheck = 0510;
				ORGANIZATIONNAME = "Yiming Tang";
			};
			buildConfigurationList = 20FC15CC18A7B9C900DD54B7 /* Build configuration list for PBXProject "TYMActivityIndicatorView" */;
			compatibilityVersion = "Xcode 3.2";
			developmentRegion = English;
			hasScannedForEncodings = 0;
			knownRegions = (
				en,
			);
			mainGroup = 20FC15C818A7B9C900DD54B7;
			productRefGroup = 20FC15D218A7B9C900DD54B7 /* Products */;
			projectDirPath = "";
			projectRoot = "";
			targets = (
				20FC15D018A7B9C900DD54B7 /* Example */,
			);
		};
/* End PBXProject section */

/* Begin PBXResourcesBuildPhase section */
		20FC15CF18A7B9C900DD54B7 /* Resources */ = {
			isa = PBXResourcesBuildPhase;
			buildActionMask = 2147483647;
			files = (
				20FC15DF18A7B9C900DD54B7 /* InfoPlist.strings in Resources */,
				20FC15E718A7B9C900DD54B7 /* Images.xcassets in Resources */,
			);
			runOnlyForDeploymentPostprocessing = 0;
		};
/* End PBXResourcesBuildPhase section */

/* Begin PBXShellScriptBuildPhase section */
		1A81FCBBA878D46D2428AAF9 /* Copy Pods Resources */ = {
			isa = PBXShellScriptBuildPhase;
			buildActionMask = 2147483647;
			files = (
			);
			inputPaths = (
			);
			name = "Copy Pods Resources";
			outputPaths = (
			);
			runOnlyForDeploymentPostprocessing = 0;
			shellPath = /bin/sh;
			shellScript = "\"${SRCROOT}/Pods/Target Support Files/Pods-Example/Pods-Example-resources.sh\"\n";
			showEnvVarsInLog = 0;
		};
		BAA9412DD5CA6F3C7533226A /* Check Pods Manifest.lock */ = {
			isa = PBXShellScriptBuildPhase;
			buildActionMask = 2147483647;
			files = (
			);
			inputPaths = (
			);
			name = "Check Pods Manifest.lock";
			outputPaths = (
			);
			runOnlyForDeploymentPostprocessing = 0;
			shellPath = /bin/sh;
			shellScript = "diff \"${PODS_ROOT}/../Podfile.lock\" \"${PODS_ROOT}/Manifest.lock\" > /dev/null\nif [[ $? != 0 ]] ; then\n    cat << EOM\nerror: The sandbox is not in sync with the Podfile.lock. Run 'pod install' or update your CocoaPods installation.\nEOM\n    exit 1\nfi\n";
			showEnvVarsInLog = 0;
		};
/* End PBXShellScriptBuildPhase section */

/* Begin PBXSourcesBuildPhase section */
		20FC15CD18A7B9C900DD54B7 /* Sources */ = {
			isa = PBXSourcesBuildPhase;
			buildActionMask = 2147483647;
			files = (
				20FC161118A7D08700DD54B7 /* TYMDemoViewController.m in Sources */,
				20FC15E118A7B9C900DD54B7 /* main.m in Sources */,
				20FC15E518A7B9C900DD54B7 /* TYMAppDelegate.m in Sources */,
			);
			runOnlyForDeploymentPostprocessing = 0;
		};
/* End PBXSourcesBuildPhase section */

/* Begin PBXVariantGroup section */
		20FC15DD18A7B9C900DD54B7 /* InfoPlist.strings */ = {
			isa = PBXVariantGroup;
			children = (
				20FC15DE18A7B9C900DD54B7 /* en */,
			);
			name = InfoPlist.strings;
			sourceTree = "<group>";
		};
/* End PBXVariantGroup section */

/* Begin XCBuildConfiguration section */
		20FC15FB18A7B9C900DD54B7 /* Debug */ = {
			isa = XCBuildConfiguration;
			buildSettings = {
				ALWAYS_SEARCH_USER_PATHS = NO;
				CLANG_CXX_LANGUAGE_STANDARD = "gnu++0x";
				CLANG_CXX_LIBRARY = "libc++";
				CLANG_ENABLE_MODULES = YES;
				CLANG_ENABLE_OBJC_ARC = YES;
				CLANG_WARN_BOOL_CONVERSION = YES;
				CLANG_WARN_CONSTANT_CONVERSION = YES;
				CLANG_WARN_DIRECT_OBJC_ISA_USAGE = YES_ERROR;
				CLANG_WARN_EMPTY_BODY = YES;
				CLANG_WARN_ENUM_CONVERSION = YES;
				CLANG_WARN_INT_CONVERSION = YES;
				CLANG_WARN_OBJC_ROOT_CLASS = YES_ERROR;
				CLANG_WARN__DUPLICATE_METHOD_MATCH = YES;
				"CODE_SIGN_IDENTITY[sdk=iphoneos*]" = "iPhone Developer";
				COPY_PHASE_STRIP = NO;
				GCC_C_LANGUAGE_STANDARD = gnu99;
				GCC_DYNAMIC_NO_PIC = NO;
				GCC_OPTIMIZATION_LEVEL = 0;
				GCC_PREPROCESSOR_DEFINITIONS = (
					"DEBUG=1",
					"$(inherited)",
				);
				GCC_SYMBOLS_PRIVATE_EXTERN = NO;
				GCC_WARN_64_TO_32_BIT_CONVERSION = YES;
				GCC_WARN_ABOUT_RETURN_TYPE = YES_ERROR;
				GCC_WARN_UNDECLARED_SELECTOR = YES;
				GCC_WARN_UNINITIALIZED_AUTOS = YES;
				GCC_WARN_UNUSED_FUNCTION = YES;
				GCC_WARN_UNUSED_VARIABLE = YES;
				IPHONEOS_DEPLOYMENT_TARGET = 7.0;
				ONLY_ACTIVE_ARCH = YES;
				SDKROOT = iphoneos;
				TARGETED_DEVICE_FAMILY = "1,2";
			};
			name = Debug;
		};
		20FC15FC18A7B9C900DD54B7 /* Release */ = {
			isa = XCBuildConfiguration;
			buildSettings = {
				ALWAYS_SEARCH_USER_PATHS = NO;
				CLANG_CXX_LANGUAGE_STANDARD = "gnu++0x";
				CLANG_CXX_LIBRARY = "libc++";
				CLANG_ENABLE_MODULES = YES;
				CLANG_ENABLE_OBJC_ARC = YES;
				CLANG_WARN_BOOL_CONVERSION = YES;
				CLANG_WARN_CONSTANT_CONVERSION = YES;
				CLANG_WARN_DIRECT_OBJC_ISA_USAGE = YES_ERROR;
				CLANG_WARN_EMPTY_BODY = YES;
				CLANG_WARN_ENUM_CONVERSION = YES;
				CLANG_WARN_INT_CONVERSION = YES;
				CLANG_WARN_OBJC_ROOT_CLASS = YES_ERROR;
				CLANG_WARN__DUPLICATE_METHOD_MATCH = YES;
				"CODE_SIGN_IDENTITY[sdk=iphoneos*]" = "iPhone Developer";
				COPY_PHASE_STRIP = YES;
				ENABLE_NS_ASSERTIONS = NO;
				GCC_C_LANGUAGE_STANDARD = gnu99;
				GCC_WARN_64_TO_32_BIT_CONVERSION = YES;
				GCC_WARN_ABOUT_RETURN_TYPE = YES_ERROR;
				GCC_WARN_UNDECLARED_SELECTOR = YES;
				GCC_WARN_UNINITIALIZED_AUTOS = YES;
				GCC_WARN_UNUSED_FUNCTION = YES;
				GCC_WARN_UNUSED_VARIABLE = YES;
				IPHONEOS_DEPLOYMENT_TARGET = 7.0;
				SDKROOT = iphoneos;
				TARGETED_DEVICE_FAMILY = "1,2";
				VALIDATE_PRODUCT = YES;
			};
			name = Release;
		};
		20FC15FE18A7B9C900DD54B7 /* Debug */ = {
			isa = XCBuildConfiguration;
			baseConfigurationReference = 3C3C4022A0A8EF695D4834D8 /* Pods-Example.debug.xcconfig */;
			buildSettings = {
				ASSETCATALOG_COMPILER_APPICON_NAME = AppIcon;
				ASSETCATALOG_COMPILER_LAUNCHIMAGE_NAME = LaunchImage;
				GCC_PRECOMPILE_PREFIX_HEADER = YES;
				GCC_PREFIX_HEADER = "$(SRCROOT)/Other Sources/TYMActivityIndicatorView-Prefix.pch";
				INFOPLIST_FILE = "$(SRCROOT)/Resources/TYMActivityIndicatorView-Info.plist";
				PRODUCT_NAME = TYMActivityIndicatorView;
				WARNING_CFLAGS = "-Weverything";
				WRAPPER_EXTENSION = app;
			};
			name = Debug;
		};
		20FC15FF18A7B9C900DD54B7 /* Release */ = {
			isa = XCBuildConfiguration;
			baseConfigurationReference = 8EE4794B6699FACB0C9ABC79 /* Pods-Example.release.xcconfig */;
			buildSettings = {
				ASSETCATALOG_COMPILER_APPICON_NAME = AppIcon;
				ASSETCATALOG_COMPILER_LAUNCHIMAGE_NAME = LaunchImage;
				GCC_PRECOMPILE_PREFIX_HEADER = YES;
				GCC_PREFIX_HEADER = "$(SRCROOT)/Other Sources/TYMActivityIndicatorView-Prefix.pch";
				INFOPLIST_FILE = "$(SRCROOT)/Resources/TYMActivityIndicatorView-Info.plist";
				PRODUCT_NAME = TYMActivityIndicatorView;
				WARNING_CFLAGS = "-Weverything";
				WRAPPER_EXTENSION = app;
			};
			name = Release;
		};
/* End XCBuildConfiguration section */

/* Begin XCConfigurationList section */
		20FC15CC18A7B9C900DD54B7 /* Build configuration list for PBXProject "TYMActivityIndicatorView" */ = {
			isa = XCConfigurationList;
			buildConfigurations = (
				20FC15FB18A7B9C900DD54B7 /* Debug */,
				20FC15FC18A7B9C900DD54B7 /* Release */,
			);
			defaultConfigurationIsVisible = 0;
			defaultConfigurationName = Release;
		};
		20FC15FD18A7B9C900DD54B7 /* Build configuration list for PBXNativeTarget "Example" */ = {
			isa = XCConfigurationList;
			buildConfigurations = (
				20FC15FE18A7B9C900DD54B7 /* Debug */,
				20FC15FF18A7B9C900DD54B7 /* Release */,
			);
			defaultConfigurationIsVisible = 0;
			defaultConfigurationName = Release;
		};
/* End XCConfigurationList section */
	};
	rootObject = 20FC15C918A7B9C900DD54B7 /* Project object */;
}
